
Microsoft Visual Studio Solution File, Format Version 12.00
# Visual Studio Version 16
VisualStudioVersion = 16.0.30523.141
MinimumVisualStudioVersion = 10.0.40219.1
Project("{FAE04EC0-301F-11D3-BF4B-00C04F79EFBC}") = "OgrenciNotMVC", "OgrenciNotMVC.csproj", "{32CE1B4E-0D7C-4A68-ADA9-68B1D72C81EA}"
EndProject
Global
	GlobalSection(SolutionConfigurationPlatforms) = preSolution
		Debug|Any CPU = Debug|Any CPU
		Release|Any CPU = Release|Any CPU
	EndGlobalSection
	GlobalSection(ProjectConfigurationPlatforms) = postSolution
		{32CE1B4E-0D7C-4A68-ADA9-68B1D72C81EA}.Debug|Any CPU.ActiveCfg = Debug|Any CPU
		{32CE1B4E-0D7C-4A68-ADA9-68B1D72C81EA}.Debug|Any CPU.Build.0 = Debug|Any CPU
		{32CE1B4E-0D7C-4A68-ADA9-68B1D72C81EA}.Release|Any CPU.ActiveCfg = Release|Any CPU
		{32CE1B4E-0D7C-4A68-ADA9-68B1D72C81EA}.Release|Any CPU.Build.0 = Release|Any CPU
	EndGlobalSection
	GlobalSection(SolutionProperties) = preSolution
		HideSolutionNode = FALSE
	EndGlobalSection
	GlobalSection(ExtensibilityGlobals) = postSolution
		SolutionGuid = {AD98461E-1740-4777-B88A-C74CA616A027}
	EndGlobalSection
EndGlobal
